// !$*UTF8*$!
{
	archiveVersion = 1;
	classes = {
	};
	objectVersion = 46;
	objects = {

/* Begin PBXBuildFile section */
		402B28331E8A02A400B2D6B9 /* main.m in Sources */ = {isa = PBXBuildFile; fileRef = 402B28321E8A02A400B2D6B9 /* main.m */; };
		402B283D1E8A2E3E00B2D6B9 /* RunTimeOBJC.m in Sources */ = {isa = PBXBuildFile; fileRef = 402B283C1E8A2E3E00B2D6B9 /* RunTimeOBJC.m */; };
		40BE5B931E8F744A00799123 /* CustomProtocol.m in Sources */ = {isa = PBXBuildFile; fileRef = 40BE5B921E8F744A00799123 /* CustomProtocol.m */; };
/* End PBXBuildFile section */

/* Begin PBXCopyFilesBuildPhase section */
		402B282D1E8A02A400B2D6B9 /* CopyFiles */ = {
			isa = PBXCopyFilesBuildPhase;
			buildActionMask = 2147483647;
			dstPath = /usr/share/man/man1/;
			dstSubfolderSpec = 0;
			files = (
			);
			runOnlyForDeploymentPostprocessing = 1;
		};
/* End PBXCopyFilesBuildPhase section */

/* Begin PBXFileReference section */
		402B282F1E8A02A400B2D6B9 /* Regulat */ = {isa = PBXFileReference; explicitFileType = "compiled.mach-o.executable"; includeInIndex = 0; path = Regulat; sourceTree = BUILT_PRODUCTS_DIR; };
		402B28321E8A02A400B2D6B9 /* main.m */ = {isa = PBXFileReference; lastKnownFileType = sourcecode.c.objc; path = main.m; sourceTree = "<group>"; };
		402B283B1E8A2E3E00B2D6B9 /* RunTimeOBJC.h */ = {isa = PBXFileReference; fileEncoding = 4; lastKnownFileType = sourcecode.c.h; path = RunTimeOBJC.h; sourceTree = "<group>"; };
		402B283C1E8A2E3E00B2D6B9 /* RunTimeOBJC.m */ = {isa = PBXFileReference; fileEncoding = 4; lastKnownFileType = sourcecode.c.objc; path = RunTimeOBJC.m; sourceTree = "<group>"; };
		40BE5B911E8F744A00799123 /* CustomProtocol.h */ = {isa = PBXFileReference; fileEncoding = 4; lastKnownFileType = sourcecode.c.h; path = CustomProtocol.h; sourceTree = "<group>"; };
		40BE5B921E8F744A00799123 /* CustomProtocol.m */ = {isa = PBXFileReference; fileEncoding = 4; lastKnownFileType = sourcecode.c.objc; path = CustomProtocol.m; sourceTree = "<group>"; };
/* End PBXFileReference section */

/* Begin PBXFrameworksBuildPhase section */
		402B282C1E8A02A400B2D6B9 /* Frameworks */ = {
			isa = PBXFrameworksBuildPhase;
			buildActionMask = 2147483647;
			files = (
			);
			runOnlyForDeploymentPostprocessing = 0;
		};
/* End PBXFrameworksBuildPhase section */

/* Begin PBXGroup section */
		402B28261E8A02A400B2D6B9 = {
			isa = PBXGroup;
			children = (
				402B28311E8A02A400B2D6B9 /* Regulat */,
				402B28301E8A02A400B2D6B9 /* Products */,
			);
			sourceTree = "<group>";
		};
		402B28301E8A02A400B2D6B9 /* Products */ = {
			isa = PBXGroup;
			children = (
				402B282F1E8A02A400B2D6B9 /* Regulat */,
			);
			name = Products;
			sourceTree = "<group>";
		};
		402B28311E8A02A400B2D6B9 /* Regulat */ = {
			isa = PBXGroup;
			children = (
				402B28321E8A02A400B2D6B9 /* main.m */,
				402B283B1E8A2E3E00B2D6B9 /* RunTimeOBJC.h */,
				402B283C1E8A2E3E00B2D6B9 /* RunTimeOBJC.m */,
				40BE5B911E8F744A00799123 /* CustomProtocol.h */,
				40BE5B921E8F744A00799123 /* CustomProtocol.m */,
			);
			path = Regulat;
			sourceTree = "<group>";
		};
/* End PBXGroup section */

/* Begin PBXNativeTarget section */
		402B282E1E8A02A400B2D6B9 /* Regulat */ = {
			isa = PBXNativeTarget;
			buildConfigurationList = 402B28361E8A02A400B2D6B9 /* Build configuration list for PBXNativeTarget "Regulat" */;
			buildPhases = (
				402B282B1E8A02A400B2D6B9 /* Sources */,
				402B282C1E8A02A400B2D6B9 /* Frameworks */,
				402B282D1E8A02A400B2D6B9 /* CopyFiles */,
			);
			buildRules = (
			);
			dependencies = (
			);
			name = Regulat;
			productName = Regulat;
			productReference = 402B282F1E8A02A400B2D6B9 /* Regulat */;
			productType = "com.apple.product-type.tool";
		};
/* End PBXNativeTarget section */

/* Begin PBXProject section */
		402B28271E8A02A400B2D6B9 /* Project object */ = {
			isa = PBXProject;
			attributes = {
				LastUpgradeCheck = 0820;
				ORGANIZATIONNAME = Susu;
				TargetAttributes = {
					402B282E1E8A02A400B2D6B9 = {
						CreatedOnToolsVersion = 8.2.1;
						DevelopmentTeam = R6B5BG54J2;
						ProvisioningStyle = Automatic;
					};
				};
			};
			buildConfigurationList = 402B282A1E8A02A400B2D6B9 /* Build configuration list for PBXProject "Regulat" */;
			compatibilityVersion = "Xcode 3.2";
			developmentRegion = English;
			hasScannedForEncodings = 0;
			knownRegions = (
				en,
			);
			mainGroup = 402B28261E8A02A400B2D6B9;
			productRefGroup = 402B28301E8A02A400B2D6B9 /* Products */;
			projectDirPath = "";
			projectRoot = "";
			targets = (
				402B282E1E8A02A400B2D6B9 /* Regulat */,
			);
		};
/* End PBXProject section */

/* Begin PBXSourcesBuildPhase section */
		402B282B1E8A02A400B2D6B9 /* Sources */ = {
			isa = PBXSourcesBuildPhase;
			buildActionMask = 2147483647;
			files = (
				40BE5B931E8F744A00799123 /* CustomProtocol.m in Sources */,
				402B283D1E8A2E3E00B2D6B9 /* RunTimeOBJC.m in Sources */,
				402B28331E8A02A400B2D6B9 /* main.m in Sources */,
			);
			runOnlyForDeploymentPostprocessing = 0;
		};
/* End PBXSourcesBuildPhase section */

/* Begin XCBuildConfiguration section */
		402B28341E8A02A400B2D6B9 /* Debug */ = {
			isa = XCBuildConfiguration;
			buildSettings = {
				ALWAYS_SEARCH_USER_PATHS = NO;
				CLANG_ANALYZER_NONNULL = YES;
				CLANG_CXX_LANGUAGE_STANDARD = "gnu++0x";
				CLANG_CXX_LIBRARY = "libc++";
				CLANG_ENABLE_MODULES = YES;
				CLANG_ENABLE_OBJC_ARC = YES;
				CLANG_WARN_BOOL_CONVERSION = YES;
				CLANG_WARN_CONSTANT_CONVERSION = YES;
				CLANG_WARN_DIRECT_OBJC_ISA_USAGE = YES_ERROR;
				CLANG_WARN_DOCUMENTATION_COMMENTS = YES;
				CLANG_WARN_EMPTY_BODY = YES;
				CLANG_WARN_ENUM_CONVERSION = YES;
				CLANG_WARN_INFINITE_RECURSION = YES;
				CLANG_WARN_INT_CONVERSION = YES;
				CLANG_WARN_OBJC_ROOT_CLASS = YES_ERROR;
				CLANG_WARN_SUSPICIOUS_MOVE = YES;
				CLANG_WARN_UNREACHABLE_CODE = YES;
				CLANG_WARN__DUPLICATE_METHOD_MATCH = YES;
				CODE_SIGN_IDENTITY = "-";
				COPY_PHASE_STRIP = NO;
				DEBUG_INFORMATION_FORMAT = dwarf;
				ENABLE_STRICT_OBJC_MSGSEND = YES;
				ENABLE_TESTABILITY = YES;
				GCC_C_LANGUAGE_STANDARD = gnu99;
				GCC_DYNAMIC_NO_PIC = NO;
				GCC_NO_COMMON_BLOCKS = YES;
				GCC_OPTIMIZATION_LEVEL = 0;
				GCC_PREPROCESSOR_DEFINITIONS = (
					"DEBUG=1",
					"$(inherited)",
				);
				GCC_WARN_64_TO_32_BIT_CONVERSION = YES;
				GCC_WARN_ABOUT_RETURN_TYPE = YES_ERROR;
				GCC_WARN_UNDECLARED_SELECTOR = YES;
				GCC_WARN_UNINITIALIZED_AUTOS = YES_AGGRESSIVE;
				GCC_WARN_UNUSED_FUNCTION = YES;
				GCC_WARN_UNUSED_VARIABLE = YES;
				MACOSX_DEPLOYMENT_TARGET = 10.11;
				MTL_ENABLE_DEBUG_INFO = YES;
				ONLY_ACTIVE_ARCH = YES;
				SDKROOT = macosx;
			};
			name = Debug;
		};
		402B28351E8A02A400B2D6B9 /* Release */ = {
			isa = XCBuildConfiguration;
			buildSettings = {
				ALWAYS_SEARCH_USER_PATHS = NO;
				CLANG_ANALYZER_NONNULL = YES;
				CLANG_CXX_LANGUAGE_STANDARD = "gnu++0x";
				CLANG_CXX_LIBRARY = "libc++";
				CLANG_ENABLE_MODULES = YES;
				CLANG_ENABLE_OBJC_ARC = YES;
				CLANG_WARN_BOOL_CONVERSION = YES;
				CLANG_WARN_CONSTANT_CONVERSION = YES;
				CLANG_WARN_DIRECT_OBJC_ISA_USAGE = YES_ERROR;
				CLANG_WARN_DOCUMENTATION_COMMENTS = YES;
				CLANG_WARN_EMPTY_BODY = YES;
				CLANG_WARN_ENUM_CONVERSION = YES;
				CLANG_WARN_INFINITE_RECURSION = YES;
				CLANG_WARN_INT_CONVERSION = YES;
				CLANG_WARN_OBJC_ROOT_CLASS = YES_ERROR;
				CLANG_WARN_SUSPICIOUS_MOVE = YES;
				CLANG_WARN_UNREACHABLE_CODE = YES;
				CLANG_WARN__DUPLICATE_METHOD_MATCH = YES;
				CODE_SIGN_IDENTITY = "-";
				COPY_PHASE_STRIP = NO;
				DEBUG_INFORMATION_FORMAT = "dwarf-with-dsym";
				ENABLE_NS_ASSERTIONS = NO;
				ENABLE_STRICT_OBJC_MSGSEND = YES;
				GCC_C_LANGUAGE_STANDARD = gnu99;
				GCC_NO_COMMON_BLOCKS = YES;
				GCC_WARN_64_TO_32_BIT_CONVERSION = YES;
				GCC_WARN_ABOUT_RETURN_TYPE = YES_ERROR;
				GCC_WARN_UNDECLARED_SELECTOR = YES;
				GCC_WARN_UNINITIALIZED_AUTOS = YES_AGGRESSIVE;
				GCC_WARN_UNUSED_FUNCTION = YES;
				GCC_WARN_UNUSED_VARIABLE = YES;
				MACOSX_DEPLOYMENT_TARGET = 10.11;
				MTL_ENABLE_DEBUG_INFO = NO;
				SDKROOT = macosx;
			};
			name = Release;
		};
		402B28371E8A02A400B2D6B9 /* Debug */ = {
			isa = XCBuildConfiguration;
			buildSettings = {
				DEVELOPMENT_TEAM = R6B5BG54J2;
				PRODUCT_NAME = "$(TARGET_NAME)";
			};
			name = Debug;
		};
		402B28381E8A02A400B2D6B9 /* Release */ = {
			isa = XCBuildConfiguration;
			buildSettings = {
				DEVELOPMENT_TEAM = R6B5BG54J2;
				PRODUCT_NAME = "$(TARGET_NAME)";
			};
			name = Release;
		};
/* End XCBuildConfiguration section */

/* Begin XCConfigurationList section */
		402B282A1E8A02A400B2D6B9 /* Build configuration list for PBXProject "Regulat" */ = {
			isa = XCConfigurationList;
			buildConfigurations = (
				402B28341E8A02A400B2D6B9 /* Debug */,
				402B28351E8A02A400B2D6B9 /* Release */,
			);
			defaultConfigurationIsVisible = 0;
			defaultConfigurationName = Release;
		};
		402B28361E8A02A400B2D6B9 /* Build configuration list for PBXNativeTarget "Regulat" */ = {
			isa = XCConfigurationList;
			buildConfigurations = (
				402B28371E8A02A400B2D6B9 /* Debug */,
				402B28381E8A02A400B2D6B9 /* Release */,
			);
			defaultConfigurationIsVisible = 0;
			defaultConfigurationName = Release;
		};
/* End XCConfigurationList section */
	};
	rootObject = 402B28271E8A02A400B2D6B9 /* Project object */;
}
